
Microsoft Visual Studio Solution File, Format Version 12.00
# Visual Studio 15
VisualStudioVersion = 15.0.27004.2009
MinimumVisualStudioVersion = 15.0.26124.0
Project("{9A19103F-16F7-4668-BE54-9A1E7A4F7556}") = "Vad3x.Extensions.AspNetCore.Http", "src\Vad3x.Extensions.AspNetCore.Http\Vad3x.Extensions.AspNetCore.Http.csproj", "{4DA064EA-86D0-4DC5-B94B-30740BE2D369}"
EndProject
Project("{9A19103F-16F7-4668-BE54-9A1E7A4F7556}") = "Vad3x.Extensions.AspNetCore.Mvc.Recaptcha", "src\Vad3x.Extensions.AspNetCore.Mvc.Recaptcha\Vad3x.Extensions.AspNetCore.Mvc.Recaptcha.csproj", "{E51C3ED3-34D6-4BC8-A221-F0F71FA46933}"
EndProject
Project("{9A19103F-16F7-4668-BE54-9A1E7A4F7556}") = "Vad3x.Extensions.AspNetCore.Mvc", "src\Vad3x.Extensions.AspNetCore.Mvc\Vad3x.Extensions.AspNetCore.Mvc.csproj", "{EDFA4881-A0E1-41A8-A842-5B934E750E5B}"
EndProject
Global
	GlobalSection(SolutionConfigurationPlatforms) = preSolution
		Debug|Any CPU = Debug|Any CPU
		Release|Any CPU = Release|Any CPU
	EndGlobalSection
	GlobalSection(ProjectConfigurationPlatforms) = postSolution
		{4DA064EA-86D0-4DC5-B94B-30740BE2D369}.Debug|Any CPU.ActiveCfg = Debug|Any CPU
		{4DA064EA-86D0-4DC5-B94B-30740BE2D369}.Debug|Any CPU.Build.0 = Debug|Any CPU
		{4DA064EA-86D0-4DC5-B94B-30740BE2D369}.Release|Any CPU.ActiveCfg = Release|Any CPU
		{4DA064EA-86D0-4DC5-B94B-30740BE2D369}.Release|Any CPU.Build.0 = Release|Any CPU
		{E51C3ED3-34D6-4BC8-A221-F0F71FA46933}.Debug|Any CPU.ActiveCfg = Debug|Any CPU
		{E51C3ED3-34D6-4BC8-A221-F0F71FA46933}.Debug|Any CPU.Build.0 = Debug|Any CPU
		{E51C3ED3-34D6-4BC8-A221-F0F71FA46933}.Release|Any CPU.ActiveCfg = Release|Any CPU
		{E51C3ED3-34D6-4BC8-A221-F0F71FA46933}.Release|Any CPU.Build.0 = Release|Any CPU
		{EDFA4881-A0E1-41A8-A842-5B934E750E5B}.Debug|Any CPU.ActiveCfg = Debug|Any CPU
		{EDFA4881-A0E1-41A8-A842-5B934E750E5B}.Debug|Any CPU.Build.0 = Debug|Any CPU
		{EDFA4881-A0E1-41A8-A842-5B934E750E5B}.Release|Any CPU.ActiveCfg = Release|Any CPU
		{EDFA4881-A0E1-41A8-A842-5B934E750E5B}.Release|Any CPU.Build.0 = Release|Any CPU
	EndGlobalSection
	GlobalSection(SolutionProperties) = preSolution
		HideSolutionNode = FALSE
	EndGlobalSection
	GlobalSection(ExtensibilityGlobals) = postSolution
		SolutionGuid = {09F1ED07-6E6A-4916-B589-A555FA34DB93}
	EndGlobalSection
EndGlobal
